// !$*UTF8*$!
{
	archiveVersion = 1;
	classes = {
	};
	objectVersion = 50;
	objects = {

/* Begin PBXBuildFile section */
		B67DC2B2266648C90021F45C /* LandmarkRow.swift in Sources */ = {isa = PBXBuildFile; fileRef = B67DC2B1266648C90021F45C /* LandmarkRow.swift */; };
		B67DC2B426664F580021F45C /* LandmarkList.swift in Sources */ = {isa = PBXBuildFile; fileRef = B67DC2B326664F580021F45C /* LandmarkList.swift */; };
		B67DC2B6266650FD0021F45C /* LandmarkDetail.swift in Sources */ = {isa = PBXBuildFile; fileRef = B67DC2B5266650FD0021F45C /* LandmarkDetail.swift */; };
		B67DC2B826667E670021F45C /* FavoriteButon.swift in Sources */ = {isa = PBXBuildFile; fileRef = B67DC2B726667E670021F45C /* FavoriteButon.swift */; };
		B69CFEB926650EAB00764F9A /* LandmarksApp.swift in Sources */ = {isa = PBXBuildFile; fileRef = B69CFEB826650EAB00764F9A /* LandmarksApp.swift */; };
		B69CFEBB26650EAB00764F9A /* ContentView.swift in Sources */ = {isa = PBXBuildFile; fileRef = B69CFEBA26650EAB00764F9A /* ContentView.swift */; };
		B69CFEBD26650EB400764F9A /* Assets.xcassets in Resources */ = {isa = PBXBuildFile; fileRef = B69CFEBC26650EB400764F9A /* Assets.xcassets */; };
		B69CFEC026650EB400764F9A /* Preview Assets.xcassets in Resources */ = {isa = PBXBuildFile; fileRef = B69CFEBF26650EB400764F9A /* Preview Assets.xcassets */; };
		B69CFECB26650EB500764F9A /* LandmarksTests.swift in Sources */ = {isa = PBXBuildFile; fileRef = B69CFECA26650EB500764F9A /* LandmarksTests.swift */; };
		B69CFED626650EB500764F9A /* LandmarksUITests.swift in Sources */ = {isa = PBXBuildFile; fileRef = B69CFED526650EB500764F9A /* LandmarksUITests.swift */; };
		B69CFEE42665569F00764F9A /* CircleImage.swift in Sources */ = {isa = PBXBuildFile; fileRef = B69CFEE32665569F00764F9A /* CircleImage.swift */; };
		B69CFEE62665583E00764F9A /* MapView.swift in Sources */ = {isa = PBXBuildFile; fileRef = B69CFEE52665583E00764F9A /* MapView.swift */; };
		B69CFEE826657C4E00764F9A /* landmarkData.json in Resources */ = {isa = PBXBuildFile; fileRef = B69CFEE726657C4E00764F9A /* landmarkData.json */; };
		B69CFEEA26657C8D00764F9A /* Landmark.swift in Sources */ = {isa = PBXBuildFile; fileRef = B69CFEE926657C8D00764F9A /* Landmark.swift */; };
		B69CFEEE26657DCF00764F9A /* ModelData.swift in Sources */ = {isa = PBXBuildFile; fileRef = B69CFEED26657DCF00764F9A /* ModelData.swift */; };
/* End PBXBuildFile section */

/* Begin PBXContainerItemProxy section */
		B69CFEC726650EB500764F9A /* PBXContainerItemProxy */ = {
			isa = PBXContainerItemProxy;
			containerPortal = B69CFEAD26650EAB00764F9A /* Project object */;
			proxyType = 1;
			remoteGlobalIDString = B69CFEB426650EAB00764F9A;
			remoteInfo = Landmarks;
		};
		B69CFED226650EB500764F9A /* PBXContainerItemProxy */ = {
			isa = PBXContainerItemProxy;
			containerPortal = B69CFEAD26650EAB00764F9A /* Project object */;
			proxyType = 1;
			remoteGlobalIDString = B69CFEB426650EAB00764F9A;
			remoteInfo = Landmarks;
		};
/* End PBXContainerItemProxy section */

/* Begin PBXFileReference section */
		B67DC2B1266648C90021F45C /* LandmarkRow.swift */ = {isa = PBXFileReference; lastKnownFileType = sourcecode.swift; path = LandmarkRow.swift; sourceTree = "<group>"; };
		B67DC2B326664F580021F45C /* LandmarkList.swift */ = {isa = PBXFileReference; lastKnownFileType = sourcecode.swift; path = LandmarkList.swift; sourceTree = "<group>"; };
		B67DC2B5266650FD0021F45C /* LandmarkDetail.swift */ = {isa = PBXFileReference; lastKnownFileType = sourcecode.swift; path = LandmarkDetail.swift; sourceTree = "<group>"; };
		B67DC2B726667E670021F45C /* FavoriteButon.swift */ = {isa = PBXFileReference; lastKnownFileType = sourcecode.swift; path = FavoriteButon.swift; sourceTree = "<group>"; };
		B69CFEB526650EAB00764F9A /* Landmarks.app */ = {isa = PBXFileReference; explicitFileType = wrapper.application; includeInIndex = 0; path = Landmarks.app; sourceTree = BUILT_PRODUCTS_DIR; };
		B69CFEB826650EAB00764F9A /* LandmarksApp.swift */ = {isa = PBXFileReference; lastKnownFileType = sourcecode.swift; path = LandmarksApp.swift; sourceTree = "<group>"; };
		B69CFEBA26650EAB00764F9A /* ContentView.swift */ = {isa = PBXFileReference; lastKnownFileType = sourcecode.swift; path = ContentView.swift; sourceTree = "<group>"; };
		B69CFEBC26650EB400764F9A /* Assets.xcassets */ = {isa = PBXFileReference; lastKnownFileType = folder.assetcatalog; path = Assets.xcassets; sourceTree = "<group>"; };
		B69CFEBF26650EB400764F9A /* Preview Assets.xcassets */ = {isa = PBXFileReference; lastKnownFileType = folder.assetcatalog; path = "Preview Assets.xcassets"; sourceTree = "<group>"; };
		B69CFEC126650EB400764F9A /* Info.plist */ = {isa = PBXFileReference; lastKnownFileType = text.plist.xml; path = Info.plist; sourceTree = "<group>"; };
		B69CFEC626650EB500764F9A /* LandmarksTests.xctest */ = {isa = PBXFileReference; explicitFileType = wrapper.cfbundle; includeInIndex = 0; path = LandmarksTests.xctest; sourceTree = BUILT_PRODUCTS_DIR; };
		B69CFECA26650EB500764F9A /* LandmarksTests.swift */ = {isa = PBXFileReference; lastKnownFileType = sourcecode.swift; path = LandmarksTests.swift; sourceTree = "<group>"; };
		B69CFECC26650EB500764F9A /* Info.plist */ = {isa = PBXFileReference; lastKnownFileType = text.plist.xml; path = Info.plist; sourceTree = "<group>"; };
		B69CFED126650EB500764F9A /* LandmarksUITests.xctest */ = {isa = PBXFileReference; explicitFileType = wrapper.cfbundle; includeInIndex = 0; path = LandmarksUITests.xctest; sourceTree = BUILT_PRODUCTS_DIR; };
		B69CFED526650EB500764F9A /* LandmarksUITests.swift */ = {isa = PBXFileReference; lastKnownFileType = sourcecode.swift; path = LandmarksUITests.swift; sourceTree = "<group>"; };
		B69CFED726650EB500764F9A /* Info.plist */ = {isa = PBXFileReference; lastKnownFileType = text.plist.xml; path = Info.plist; sourceTree = "<group>"; };
		B69CFEE32665569F00764F9A /* CircleImage.swift */ = {isa = PBXFileReference; lastKnownFileType = sourcecode.swift; path = CircleImage.swift; sourceTree = "<group>"; };
		B69CFEE52665583E00764F9A /* MapView.swift */ = {isa = PBXFileReference; lastKnownFileType = sourcecode.swift; path = MapView.swift; sourceTree = "<group>"; };
		B69CFEE726657C4E00764F9A /* landmarkData.json */ = {isa = PBXFileReference; fileEncoding = 4; lastKnownFileType = text.json; path = landmarkData.json; sourceTree = "<group>"; };
		B69CFEE926657C8D00764F9A /* Landmark.swift */ = {isa = PBXFileReference; lastKnownFileType = sourcecode.swift; path = Landmark.swift; sourceTree = "<group>"; };
		B69CFEED26657DCF00764F9A /* ModelData.swift */ = {isa = PBXFileReference; lastKnownFileType = sourcecode.swift; path = ModelData.swift; sourceTree = "<group>"; };
/* End PBXFileReference section */

/* Begin PBXFrameworksBuildPhase section */
		B69CFEB226650EAB00764F9A /* Frameworks */ = {
			isa = PBXFrameworksBuildPhase;
			buildActionMask = 2147483647;
			files = (
			);
			runOnlyForDeploymentPostprocessing = 0;
		};
		B69CFEC326650EB500764F9A /* Frameworks */ = {
			isa = PBXFrameworksBuildPhase;
			buildActionMask = 2147483647;
			files = (
			);
			runOnlyForDeploymentPostprocessing = 0;
		};
		B69CFECE26650EB500764F9A /* Frameworks */ = {
			isa = PBXFrameworksBuildPhase;
			buildActionMask = 2147483647;
			files = (
			);
			runOnlyForDeploymentPostprocessing = 0;
		};
/* End PBXFrameworksBuildPhase section */

/* Begin PBXGroup section */
		B67DC2B926668B2C0021F45C /* Landmarks */ = {
			isa = PBXGroup;
			children = (
				B67DC2B1266648C90021F45C /* LandmarkRow.swift */,
				B67DC2B326664F580021F45C /* LandmarkList.swift */,
				B67DC2B5266650FD0021F45C /* LandmarkDetail.swift */,
			);
			path = Landmarks;
			sourceTree = "<group>";
		};
		B67DC2BA26668B790021F45C /* Helper */ = {
			isa = PBXGroup;
			children = (
				B69CFEE32665569F00764F9A /* CircleImage.swift */,
				B67DC2B726667E670021F45C /* FavoriteButon.swift */,
				B69CFEE52665583E00764F9A /* MapView.swift */,
			);
			path = Helper;
			sourceTree = "<group>";
		};
		B69CFEAC26650EAB00764F9A = {
			isa = PBXGroup;
			children = (
				B69CFEB726650EAB00764F9A /* Landmarks */,
				B69CFEC926650EB500764F9A /* LandmarksTests */,
				B69CFED426650EB500764F9A /* LandmarksUITests */,
				B69CFEB626650EAB00764F9A /* Products */,
			);
			sourceTree = "<group>";
		};
		B69CFEB626650EAB00764F9A /* Products */ = {
			isa = PBXGroup;
			children = (
				B69CFEB526650EAB00764F9A /* Landmarks.app */,
				B69CFEC626650EB500764F9A /* LandmarksTests.xctest */,
				B69CFED126650EB500764F9A /* LandmarksUITests.xctest */,
			);
			name = Products;
			sourceTree = "<group>";
		};
		B69CFEB726650EAB00764F9A /* Landmarks */ = {
			isa = PBXGroup;
			children = (
				B69CFEEC26657CB300764F9A /* Model */,
				B69CFEEB26657C9F00764F9A /* Views */,
				B69CFEF026657ED900764F9A /* Controller */,
				B69CFEEF26657EC400764F9A /* Resources */,
				B69CFEBC26650EB400764F9A /* Assets.xcassets */,
				B69CFEC126650EB400764F9A /* Info.plist */,
				B69CFEBE26650EB400764F9A /* Preview Content */,
			);
			path = Landmarks;
			sourceTree = "<group>";
		};
		B69CFEBE26650EB400764F9A /* Preview Content */ = {
			isa = PBXGroup;
			children = (
				B69CFEBF26650EB400764F9A /* Preview Assets.xcassets */,
			);
			path = "Preview Content";
			sourceTree = "<group>";
		};
		B69CFEC926650EB500764F9A /* LandmarksTests */ = {
			isa = PBXGroup;
			children = (
				B69CFECA26650EB500764F9A /* LandmarksTests.swift */,
				B69CFECC26650EB500764F9A /* Info.plist */,
			);
			path = LandmarksTests;
			sourceTree = "<group>";
		};
		B69CFED426650EB500764F9A /* LandmarksUITests */ = {
			isa = PBXGroup;
			children = (
				B69CFED526650EB500764F9A /* LandmarksUITests.swift */,
				B69CFED726650EB500764F9A /* Info.plist */,
			);
			path = LandmarksUITests;
			sourceTree = "<group>";
		};
		B69CFEEB26657C9F00764F9A /* Views */ = {
			isa = PBXGroup;
			children = (
				B69CFEBA26650EAB00764F9A /* ContentView.swift */,
				B67DC2BA26668B790021F45C /* Helper */,
				B67DC2B926668B2C0021F45C /* Landmarks */,
			);
			path = Views;
			sourceTree = "<group>";
		};
		B69CFEEC26657CB300764F9A /* Model */ = {
			isa = PBXGroup;
			children = (
				B69CFEE926657C8D00764F9A /* Landmark.swift */,
				B69CFEED26657DCF00764F9A /* ModelData.swift */,
			);
			path = Model;
			sourceTree = "<group>";
		};
		B69CFEEF26657EC400764F9A /* Resources */ = {
			isa = PBXGroup;
			children = (
				B69CFEE726657C4E00764F9A /* landmarkData.json */,
			);
			path = Resources;
			sourceTree = "<group>";
		};
		B69CFEF026657ED900764F9A /* Controller */ = {
			isa = PBXGroup;
			children = (
				B69CFEB826650EAB00764F9A /* LandmarksApp.swift */,
			);
			path = Controller;
			sourceTree = "<group>";
		};
/* End PBXGroup section */

/* Begin PBXNativeTarget section */
		B69CFEB426650EAB00764F9A /* Landmarks */ = {
			isa = PBXNativeTarget;
			buildConfigurationList = B69CFEDA26650EB500764F9A /* Build configuration list for PBXNativeTarget "Landmarks" */;
			buildPhases = (
				B69CFEB126650EAB00764F9A /* Sources */,
				B69CFEB226650EAB00764F9A /* Frameworks */,
				B69CFEB326650EAB00764F9A /* Resources */,
			);
			buildRules = (
			);
			dependencies = (
			);
			name = Landmarks;
			productName = Landmarks;
			productReference = B69CFEB526650EAB00764F9A /* Landmarks.app */;
			productType = "com.apple.product-type.application";
		};
		B69CFEC526650EB500764F9A /* LandmarksTests */ = {
			isa = PBXNativeTarget;
			buildConfigurationList = B69CFEDD26650EB500764F9A /* Build configuration list for PBXNativeTarget "LandmarksTests" */;
			buildPhases = (
				B69CFEC226650EB500764F9A /* Sources */,
				B69CFEC326650EB500764F9A /* Frameworks */,
				B69CFEC426650EB500764F9A /* Resources */,
			);
			buildRules = (
			);
			dependencies = (
				B69CFEC826650EB500764F9A /* PBXTargetDependency */,
			);
			name = LandmarksTests;
			productName = LandmarksTests;
			productReference = B69CFEC626650EB500764F9A /* LandmarksTests.xctest */;
			productType = "com.apple.product-type.bundle.unit-test";
		};
		B69CFED026650EB500764F9A /* LandmarksUITests */ = {
			isa = PBXNativeTarget;
			buildConfigurationList = B69CFEE026650EB500764F9A /* Build configuration list for PBXNativeTarget "LandmarksUITests" */;
			buildPhases = (
				B69CFECD26650EB500764F9A /* Sources */,
				B69CFECE26650EB500764F9A /* Frameworks */,
				B69CFECF26650EB500764F9A /* Resources */,
			);
			buildRules = (
			);
			dependencies = (
				B69CFED326650EB500764F9A /* PBXTargetDependency */,
			);
			name = LandmarksUITests;
			productName = LandmarksUITests;
			productReference = B69CFED126650EB500764F9A /* LandmarksUITests.xctest */;
			productType = "com.apple.product-type.bundle.ui-testing";
		};
/* End PBXNativeTarget section */

/* Begin PBXProject section */
		B69CFEAD26650EAB00764F9A /* Project object */ = {
			isa = PBXProject;
			attributes = {
				LastSwiftUpdateCheck = 1250;
				LastUpgradeCheck = 1250;
				TargetAttributes = {
					B69CFEB426650EAB00764F9A = {
						CreatedOnToolsVersion = 12.5;
					};
					B69CFEC526650EB500764F9A = {
						CreatedOnToolsVersion = 12.5;
						TestTargetID = B69CFEB426650EAB00764F9A;
					};
					B69CFED026650EB500764F9A = {
						CreatedOnToolsVersion = 12.5;
						TestTargetID = B69CFEB426650EAB00764F9A;
					};
				};
			};
			buildConfigurationList = B69CFEB026650EAB00764F9A /* Build configuration list for PBXProject "Landmarks" */;
			compatibilityVersion = "Xcode 9.3";
			developmentRegion = en;
			hasScannedForEncodings = 0;
			knownRegions = (
				en,
				Base,
			);
			mainGroup = B69CFEAC26650EAB00764F9A;
			productRefGroup = B69CFEB626650EAB00764F9A /* Products */;
			projectDirPath = "";
			projectRoot = "";
			targets = (
				B69CFEB426650EAB00764F9A /* Landmarks */,
				B69CFEC526650EB500764F9A /* LandmarksTests */,
				B69CFED026650EB500764F9A /* LandmarksUITests */,
			);
		};
/* End PBXProject section */

/* Begin PBXResourcesBuildPhase section */
		B69CFEB326650EAB00764F9A /* Resources */ = {
			isa = PBXResourcesBuildPhase;
			buildActionMask = 2147483647;
			files = (
				B69CFEC026650EB400764F9A /* Preview Assets.xcassets in Resources */,
				B69CFEBD26650EB400764F9A /* Assets.xcassets in Resources */,
				B69CFEE826657C4E00764F9A /* landmarkData.json in Resources */,
			);
			runOnlyForDeploymentPostprocessing = 0;
		};
		B69CFEC426650EB500764F9A /* Resources */ = {
			isa = PBXResourcesBuildPhase;
			buildActionMask = 2147483647;
			files = (
			);
			runOnlyForDeploymentPostprocessing = 0;
		};
		B69CFECF26650EB500764F9A /* Resources */ = {
			isa = PBXResourcesBuildPhase;
			buildActionMask = 2147483647;
			files = (
			);
			runOnlyForDeploymentPostprocessing = 0;
		};
/* End PBXResourcesBuildPhase section */

/* Begin PBXSourcesBuildPhase section */
		B69CFEB126650EAB00764F9A /* Sources */ = {
			isa = PBXSourcesBuildPhase;
			buildActionMask = 2147483647;
			files = (
				B69CFEBB26650EAB00764F9A /* ContentView.swift in Sources */,
				B69CFEE62665583E00764F9A /* MapView.swift in Sources */,
				B67DC2B826667E670021F45C /* FavoriteButon.swift in Sources */,
				B69CFEB926650EAB00764F9A /* LandmarksApp.swift in Sources */,
				B69CFEE42665569F00764F9A /* CircleImage.swift in Sources */,
				B67DC2B6266650FD0021F45C /* LandmarkDetail.swift in Sources */,
				B69CFEEA26657C8D00764F9A /* Landmark.swift in Sources */,
				B67DC2B2266648C90021F45C /* LandmarkRow.swift in Sources */,
				B69CFEEE26657DCF00764F9A /* ModelData.swift in Sources */,
				B67DC2B426664F580021F45C /* LandmarkList.swift in Sources */,
			);
			runOnlyForDeploymentPostprocessing = 0;
		};
		B69CFEC226650EB500764F9A /* Sources */ = {
			isa = PBXSourcesBuildPhase;
			buildActionMask = 2147483647;
			files = (
				B69CFECB26650EB500764F9A /* LandmarksTests.swift in Sources */,
			);
			runOnlyForDeploymentPostprocessing = 0;
		};
		B69CFECD26650EB500764F9A /* Sources */ = {
			isa = PBXSourcesBuildPhase;
			buildActionMask = 2147483647;
			files = (
				B69CFED626650EB500764F9A /* LandmarksUITests.swift in Sources */,
			);
			runOnlyForDeploymentPostprocessing = 0;
		};
/* End PBXSourcesBuildPhase section */

/* Begin PBXTargetDependency section */
		B69CFEC826650EB500764F9A /* PBXTargetDependency */ = {
			isa = PBXTargetDependency;
			target = B69CFEB426650EAB00764F9A /* Landmarks */;
			targetProxy = B69CFEC726650EB500764F9A /* PBXContainerItemProxy */;
		};
		B69CFED326650EB500764F9A /* PBXTargetDependency */ = {
			isa = PBXTargetDependency;
			target = B69CFEB426650EAB00764F9A /* Landmarks */;
			targetProxy = B69CFED226650EB500764F9A /* PBXContainerItemProxy */;
		};
/* End PBXTargetDependency section */

/* Begin XCBuildConfiguration section */
		B69CFED826650EB500764F9A /* Debug */ = {
			isa = XCBuildConfiguration;
			buildSettings = {
				ALWAYS_SEARCH_USER_PATHS = NO;
				CLANG_ANALYZER_NONNULL = YES;
				CLANG_ANALYZER_NUMBER_OBJECT_CONVERSION = YES_AGGRESSIVE;
				CLANG_CXX_LANGUAGE_STANDARD = "gnu++14";
				CLANG_CXX_LIBRARY = "libc++";
				CLANG_ENABLE_MODULES = YES;
				CLANG_ENABLE_OBJC_ARC = YES;
				CLANG_ENABLE_OBJC_WEAK = YES;
				CLANG_WARN_BLOCK_CAPTURE_AUTORELEASING = YES;
				CLANG_WARN_BOOL_CONVERSION = YES;
				CLANG_WARN_COMMA = YES;
				CLANG_WARN_CONSTANT_CONVERSION = YES;
				CLANG_WARN_DEPRECATED_OBJC_IMPLEMENTATIONS = YES;
				CLANG_WARN_DIRECT_OBJC_ISA_USAGE = YES_ERROR;
				CLANG_WARN_DOCUMENTATION_COMMENTS = YES;
				CLANG_WARN_EMPTY_BODY = YES;
				CLANG_WARN_ENUM_CONVERSION = YES;
				CLANG_WARN_INFINITE_RECURSION = YES;
				CLANG_WARN_INT_CONVERSION = YES;
				CLANG_WARN_NON_LITERAL_NULL_CONVERSION = YES;
				CLANG_WARN_OBJC_IMPLICIT_RETAIN_SELF = YES;
				CLANG_WARN_OBJC_LITERAL_CONVERSION = YES;
				CLANG_WARN_OBJC_ROOT_CLASS = YES_ERROR;
				CLANG_WARN_QUOTED_INCLUDE_IN_FRAMEWORK_HEADER = YES;
				CLANG_WARN_RANGE_LOOP_ANALYSIS = YES;
				CLANG_WARN_STRICT_PROTOTYPES = YES;
				CLANG_WARN_SUSPICIOUS_MOVE = YES;
				CLANG_WARN_UNGUARDED_AVAILABILITY = YES_AGGRESSIVE;
				CLANG_WARN_UNREACHABLE_CODE = YES;
				CLANG_WARN__DUPLICATE_METHOD_MATCH = YES;
				COPY_PHASE_STRIP = NO;
				DEBUG_INFORMATION_FORMAT = dwarf;
				ENABLE_STRICT_OBJC_MSGSEND = YES;
				ENABLE_TESTABILITY = YES;
				GCC_C_LANGUAGE_STANDARD = gnu11;
				GCC_DYNAMIC_NO_PIC = NO;
				GCC_NO_COMMON_BLOCKS = YES;
				GCC_OPTIMIZATION_LEVEL = 0;
				GCC_PREPROCESSOR_DEFINITIONS = (
					"DEBUG=1",
					"$(inherited)",
				);
				GCC_WARN_64_TO_32_BIT_CONVERSION = YES;
				GCC_WARN_ABOUT_RETURN_TYPE = YES_ERROR;
				GCC_WARN_UNDECLARED_SELECTOR = YES;
				GCC_WARN_UNINITIALIZED_AUTOS = YES_AGGRESSIVE;
				GCC_WARN_UNUSED_FUNCTION = YES;
				GCC_WARN_UNUSED_VARIABLE = YES;
				IPHONEOS_DEPLOYMENT_TARGET = 14.5;
				MTL_ENABLE_DEBUG_INFO = INCLUDE_SOURCE;
				MTL_FAST_MATH = YES;
				ONLY_ACTIVE_ARCH = YES;
				SDKROOT = iphoneos;
				SWIFT_ACTIVE_COMPILATION_CONDITIONS = DEBUG;
				SWIFT_OPTIMIZATION_LEVEL = "-Onone";
			};
			name = Debug;
		};
		B69CFED926650EB500764F9A /* Release */ = {
			isa = XCBuildConfiguration;
			buildSettings = {
				ALWAYS_SEARCH_USER_PATHS = NO;
				CLANG_ANALYZER_NONNULL = YES;
				CLANG_ANALYZER_NUMBER_OBJECT_CONVERSION = YES_AGGRESSIVE;
				CLANG_CXX_LANGUAGE_STANDARD = "gnu++14";
				CLANG_CXX_LIBRARY = "libc++";
				CLANG_ENABLE_MODULES = YES;
				CLANG_ENABLE_OBJC_ARC = YES;
				CLANG_ENABLE_OBJC_WEAK = YES;
				CLANG_WARN_BLOCK_CAPTURE_AUTORELEASING = YES;
				CLANG_WARN_BOOL_CONVERSION = YES;
				CLANG_WARN_COMMA = YES;
				CLANG_WARN_CONSTANT_CONVERSION = YES;
				CLANG_WARN_DEPRECATED_OBJC_IMPLEMENTATIONS = YES;
				CLANG_WARN_DIRECT_OBJC_ISA_USAGE = YES_ERROR;
				CLANG_WARN_DOCUMENTATION_COMMENTS = YES;
				CLANG_WARN_EMPTY_BODY = YES;
				CLANG_WARN_ENUM_CONVERSION = YES;
				CLANG_WARN_INFINITE_RECURSION = YES;
				CLANG_WARN_INT_CONVERSION = YES;
				CLANG_WARN_NON_LITERAL_NULL_CONVERSION = YES;
				CLANG_WARN_OBJC_IMPLICIT_RETAIN_SELF = YES;
				CLANG_WARN_OBJC_LITERAL_CONVERSION = YES;
				CLANG_WARN_OBJC_ROOT_CLASS = YES_ERROR;
				CLANG_WARN_QUOTED_INCLUDE_IN_FRAMEWORK_HEADER = YES;
				CLANG_WARN_RANGE_LOOP_ANALYSIS = YES;
				CLANG_WARN_STRICT_PROTOTYPES = YES;
				CLANG_WARN_SUSPICIOUS_MOVE = YES;
				CLANG_WARN_UNGUARDED_AVAILABILITY = YES_AGGRESSIVE;
				CLANG_WARN_UNREACHABLE_CODE = YES;
				CLANG_WARN__DUPLICATE_METHOD_MATCH = YES;
				COPY_PHASE_STRIP = NO;
				DEBUG_INFORMATION_FORMAT = "dwarf-with-dsym";
				ENABLE_NS_ASSERTIONS = NO;
				ENABLE_STRICT_OBJC_MSGSEND = YES;
				GCC_C_LANGUAGE_STANDARD = gnu11;
				GCC_NO_COMMON_BLOCKS = YES;
				GCC_WARN_64_TO_32_BIT_CONVERSION = YES;
				GCC_WARN_ABOUT_RETURN_TYPE = YES_ERROR;
				GCC_WARN_UNDECLARED_SELECTOR = YES;
				GCC_WARN_UNINITIALIZED_AUTOS = YES_AGGRESSIVE;
				GCC_WARN_UNUSED_FUNCTION = YES;
				GCC_WARN_UNUSED_VARIABLE = YES;
				IPHONEOS_DEPLOYMENT_TARGET = 14.5;
				MTL_ENABLE_DEBUG_INFO = NO;
				MTL_FAST_MATH = YES;
				SDKROOT = iphoneos;
				SWIFT_COMPILATION_MODE = wholemodule;
				SWIFT_OPTIMIZATION_LEVEL = "-O";
				VALIDATE_PRODUCT = YES;
			};
			name = Release;
		};
		B69CFEDB26650EB500764F9A /* Debug */ = {
			isa = XCBuildConfiguration;
			buildSettings = {
				ASSETCATALOG_COMPILER_APPICON_NAME = AppIcon;
				ASSETCATALOG_COMPILER_GLOBAL_ACCENT_COLOR_NAME = AccentColor;
				CODE_SIGN_STYLE = Automatic;
				DEVELOPMENT_ASSET_PATHS = "\"Landmarks/Preview Content\"";
				DEVELOPMENT_TEAM = 792V77RLPU;
				ENABLE_PREVIEWS = YES;
				INFOPLIST_FILE = Landmarks/Info.plist;
				IPHONEOS_DEPLOYMENT_TARGET = 14.0;
				LD_RUNPATH_SEARCH_PATHS = (
					"$(inherited)",
					"@executable_path/Frameworks",
				);
				PRODUCT_BUNDLE_IDENTIFIER = com.DrogsLandmarksTuto;
				PRODUCT_NAME = "$(TARGET_NAME)";
				SWIFT_VERSION = 5.0;
				TARGETED_DEVICE_FAMILY = "1,2";
			};
			name = Debug;
		};
		B69CFEDC26650EB500764F9A /* Release */ = {
			isa = XCBuildConfiguration;
			buildSettings = {
				ASSETCATALOG_COMPILER_APPICON_NAME = AppIcon;
				ASSETCATALOG_COMPILER_GLOBAL_ACCENT_COLOR_NAME = AccentColor;
				CODE_SIGN_STYLE = Automatic;
				DEVELOPMENT_ASSET_PATHS = "\"Landmarks/Preview Content\"";
				DEVELOPMENT_TEAM = 792V77RLPU;
				ENABLE_PREVIEWS = YES;
				INFOPLIST_FILE = Landmarks/Info.plist;
				IPHONEOS_DEPLOYMENT_TARGET = 14.0;
				LD_RUNPATH_SEARCH_PATHS = (
					"$(inherited)",
					"@executable_path/Frameworks",
				);
				PRODUCT_BUNDLE_IDENTIFIER = com.DrogsLandmarksTuto;
				PRODUCT_NAME = "$(TARGET_NAME)";
				SWIFT_VERSION = 5.0;
				TARGETED_DEVICE_FAMILY = "1,2";
			};
			name = Release;
		};
		B69CFEDE26650EB500764F9A /* Debug */ = {
			isa = XCBuildConfiguration;
			buildSettings = {
				ALWAYS_EMBED_SWIFT_STANDARD_LIBRARIES = YES;
				BUNDLE_LOADER = "$(TEST_HOST)";
				CODE_SIGN_STYLE = Automatic;
				DEVELOPMENT_TEAM = 792V77RLPU;
				INFOPLIST_FILE = LandmarksTests/Info.plist;
				IPHONEOS_DEPLOYMENT_TARGET = 14.0;
				LD_RUNPATH_SEARCH_PATHS = (
					"$(inherited)",
					"@executable_path/Frameworks",
					"@loader_path/Frameworks",
				);
				PRODUCT_BUNDLE_IDENTIFIER = com.LandmarksTests;
				PRODUCT_NAME = "$(TARGET_NAME)";
				SWIFT_VERSION = 5.0;
				TARGETED_DEVICE_FAMILY = "1,2";
				TEST_HOST = "$(BUILT_PRODUCTS_DIR)/Landmarks.app/Landmarks";
			};
			name = Debug;
		};
		B69CFEDF26650EB500764F9A /* Release */ = {
			isa = XCBuildConfiguration;
			buildSettings = {
				ALWAYS_EMBED_SWIFT_STANDARD_LIBRARIES = YES;
				BUNDLE_LOADER = "$(TEST_HOST)";
				CODE_SIGN_STYLE = Automatic;
				DEVELOPMENT_TEAM = 792V77RLPU;
				INFOPLIST_FILE = LandmarksTests/Info.plist;
				IPHONEOS_DEPLOYMENT_TARGET = 14.0;
				LD_RUNPATH_SEARCH_PATHS = (
					"$(inherited)",
					"@executable_path/Frameworks",
					"@loader_path/Frameworks",
				);
				PRODUCT_BUNDLE_IDENTIFIER = com.LandmarksTests;
				PRODUCT_NAME = "$(TARGET_NAME)";
				SWIFT_VERSION = 5.0;
				TARGETED_DEVICE_FAMILY = "1,2";
				TEST_HOST = "$(BUILT_PRODUCTS_DIR)/Landmarks.app/Landmarks";
			};
			name = Release;
		};
		B69CFEE126650EB500764F9A /* Debug */ = {
			isa = XCBuildConfiguration;
			buildSettings = {
				ALWAYS_EMBED_SWIFT_STANDARD_LIBRARIES = YES;
				CODE_SIGN_STYLE = Automatic;
				DEVELOPMENT_TEAM = 792V77RLPU;
				INFOPLIST_FILE = LandmarksUITests/Info.plist;
				LD_RUNPATH_SEARCH_PATHS = (
					"$(inherited)",
					"@executable_path/Frameworks",
					"@loader_path/Frameworks",
				);
				PRODUCT_BUNDLE_IDENTIFIER = com.LandmarksUITests;
				PRODUCT_NAME = "$(TARGET_NAME)";
				SWIFT_VERSION = 5.0;
				TARGETED_DEVICE_FAMILY = "1,2";
				TEST_TARGET_NAME = Landmarks;
			};
			name = Debug;
		};
		B69CFEE226650EB500764F9A /* Release */ = {
			isa = XCBuildConfiguration;
			buildSettings = {
				ALWAYS_EMBED_SWIFT_STANDARD_LIBRARIES = YES;
				CODE_SIGN_STYLE = Automatic;
				DEVELOPMENT_TEAM = 792V77RLPU;
				INFOPLIST_FILE = LandmarksUITests/Info.plist;
				LD_RUNPATH_SEARCH_PATHS = (
					"$(inherited)",
					"@executable_path/Frameworks",
					"@loader_path/Frameworks",
				);
				PRODUCT_BUNDLE_IDENTIFIER = com.LandmarksUITests;
				PRODUCT_NAME = "$(TARGET_NAME)";
				SWIFT_VERSION = 5.0;
				TARGETED_DEVICE_FAMILY = "1,2";
				TEST_TARGET_NAME = Landmarks;
			};
			name = Release;
		};
/* End XCBuildConfiguration section */

/* Begin XCConfigurationList section */
		B69CFEB026650EAB00764F9A /* Build configuration list for PBXProject "Landmarks" */ = {
			isa = XCConfigurationList;
			buildConfigurations = (
				B69CFED826650EB500764F9A /* Debug */,
				B69CFED926650EB500764F9A /* Release */,
			);
			defaultConfigurationIsVisible = 0;
			defaultConfigurationName = Release;
		};
		B69CFEDA26650EB500764F9A /* Build configuration list for PBXNativeTarget "Landmarks" */ = {
			isa = XCConfigurationList;
			buildConfigurations = (
				B69CFEDB26650EB500764F9A /* Debug */,
				B69CFEDC26650EB500764F9A /* Release */,
			);
			defaultConfigurationIsVisible = 0;
			defaultConfigurationName = Release;
		};
		B69CFEDD26650EB500764F9A /* Build configuration list for PBXNativeTarget "LandmarksTests" */ = {
			isa = XCConfigurationList;
			buildConfigurations = (
				B69CFEDE26650EB500764F9A /* Debug */,
				B69CFEDF26650EB500764F9A /* Release */,
			);
			defaultConfigurationIsVisible = 0;
			defaultConfigurationName = Release;
		};
		B69CFEE026650EB500764F9A /* Build configuration list for PBXNativeTarget "LandmarksUITests" */ = {
			isa = XCConfigurationList;
			buildConfigurations = (
				B69CFEE126650EB500764F9A /* Debug */,
				B69CFEE226650EB500764F9A /* Release */,
			);
			defaultConfigurationIsVisible = 0;
			defaultConfigurationName = Release;
		};
/* End XCConfigurationList section */
	};
	rootObject = B69CFEAD26650EAB00764F9A /* Project object */;
}
